
Microsoft Visual Studio Solution File, Format Version 12.00
# Visual Studio Version 17
VisualStudioVersion = 17.13.35931.197 d17.13
MinimumVisualStudioVersion = 10.0.40219.1
Project("{FAE04EC0-301F-11D3-BF4B-00C04F79EFBC}") = "anhtran", "anhtran\anhtran.csproj", "{C681D4F4-398D-49AF-BB2B-04FE73C9D440}"
EndProject
Global
	GlobalSection(SolutionConfigurationPlatforms) = preSolution
		Debug|Any CPU = Debug|Any CPU
		Release|Any CPU = Release|Any CPU
	EndGlobalSection
	GlobalSection(ProjectConfigurationPlatforms) = postSolution
		{C681D4F4-398D-49AF-BB2B-04FE73C9D440}.Debug|Any CPU.ActiveCfg = Debug|Any CPU
		{C681D4F4-398D-49AF-BB2B-04FE73C9D440}.Debug|Any CPU.Build.0 = Debug|Any CPU
		{C681D4F4-398D-49AF-BB2B-04FE73C9D440}.Release|Any CPU.ActiveCfg = Release|Any CPU
		{C681D4F4-398D-49AF-BB2B-04FE73C9D440}.Release|Any CPU.Build.0 = Release|Any CPU
	EndGlobalSection
	GlobalSection(SolutionProperties) = preSolution
		HideSolutionNode = FALSE
	EndGlobalSection
	GlobalSection(ExtensibilityGlobals) = postSolution
		SolutionGuid = {98F2C1D4-F1C0-4CFF-AB2B-D74FE5BC1E10}
	EndGlobalSection
EndGlobal
